
Microsoft Visual Studio Solution File, Format Version 12.00
# Visual Studio Version 17
VisualStudioVersion = 17.5.33516.290
MinimumVisualStudioVersion = 10.0.40219.1
Project("{FAE04EC0-301F-11D3-BF4B-00C04F79EFBC}") = "lista5nova", "lista5nova\lista5nova.csproj", "{27F77B36-7A30-449E-B4B2-927C85644698}"
EndProject
Global
	GlobalSection(SolutionConfigurationPlatforms) = preSolution
		Debug|Any CPU = Debug|Any CPU
		Release|Any CPU = Release|Any CPU
	EndGlobalSection
	GlobalSection(ProjectConfigurationPlatforms) = postSolution
		{27F77B36-7A30-449E-B4B2-927C85644698}.Debug|Any CPU.ActiveCfg = Debug|Any CPU
		{27F77B36-7A30-449E-B4B2-927C85644698}.Debug|Any CPU.Build.0 = Debug|Any CPU
		{27F77B36-7A30-449E-B4B2-927C85644698}.Release|Any CPU.ActiveCfg = Release|Any CPU
		{27F77B36-7A30-449E-B4B2-927C85644698}.Release|Any CPU.Build.0 = Release|Any CPU
	EndGlobalSection
	GlobalSection(SolutionProperties) = preSolution
		HideSolutionNode = FALSE
	EndGlobalSection
	GlobalSection(ExtensibilityGlobals) = postSolution
		SolutionGuid = {7C313057-12CD-4D74-9748-50385708A0C9}
	EndGlobalSection
EndGlobal
